
Microsoft Visual Studio Solution File, Format Version 12.00
Project("{FAE04EC0-301F-11D3-BF4B-00C04F79EFBC}") = "rmq.demo", "rmq.demo\rmq.demo.csproj", "{47AD0F77-021F-4BF6-B78A-427B14349E41}"
EndProject
Project("{2150E333-8FDC-42A3-9474-1A3956D46DE8}") = "docker", "docker", "{E01C36DC-34E6-4C35-9467-9535695C44CC}"
EndProject
Global
	GlobalSection(SolutionConfigurationPlatforms) = preSolution
		Debug|Any CPU = Debug|Any CPU
		Release|Any CPU = Release|Any CPU
	EndGlobalSection
	GlobalSection(ProjectConfigurationPlatforms) = postSolution
		{47AD0F77-021F-4BF6-B78A-427B14349E41}.Debug|Any CPU.ActiveCfg = Debug|Any CPU
		{47AD0F77-021F-4BF6-B78A-427B14349E41}.Debug|Any CPU.Build.0 = Debug|Any CPU
		{47AD0F77-021F-4BF6-B78A-427B14349E41}.Release|Any CPU.ActiveCfg = Release|Any CPU
		{47AD0F77-021F-4BF6-B78A-427B14349E41}.Release|Any CPU.Build.0 = Release|Any CPU
	EndGlobalSection
EndGlobal
